
Microsoft Visual Studio Solution File, Format Version 12.00
Project("{FAE04EC0-301F-11D3-BF4B-00C04F79EFBC}") = "PPO2.3", "PPO2.3\PPO2.3.csproj", "{A1C43CA6-56F2-4151-8371-6A023FC0D2DF}"
EndProject
Global
	GlobalSection(SolutionConfigurationPlatforms) = preSolution
		Debug|Any CPU = Debug|Any CPU
		Release|Any CPU = Release|Any CPU
	EndGlobalSection
	GlobalSection(ProjectConfigurationPlatforms) = postSolution
		{A1C43CA6-56F2-4151-8371-6A023FC0D2DF}.Debug|Any CPU.ActiveCfg = Debug|Any CPU
		{A1C43CA6-56F2-4151-8371-6A023FC0D2DF}.Debug|Any CPU.Build.0 = Debug|Any CPU
		{A1C43CA6-56F2-4151-8371-6A023FC0D2DF}.Release|Any CPU.ActiveCfg = Release|Any CPU
		{A1C43CA6-56F2-4151-8371-6A023FC0D2DF}.Release|Any CPU.Build.0 = Release|Any CPU
	EndGlobalSection
EndGlobal
